
Microsoft Visual Studio Solution File, Format Version 12.00
# Visual Studio Version 17
VisualStudioVersion = 17.4.33213.308
MinimumVisualStudioVersion = 10.0.40219.1
Project("{FAE04EC0-301F-11D3-BF4B-00C04F79EFBC}") = "RPG CHARACTER", "RPG CHARACTER\RPG CHARACTER.csproj", "{883D453F-7D20-4F1E-82DD-F8C9D57ED5DD}"
EndProject
Global
	GlobalSection(SolutionConfigurationPlatforms) = preSolution
		Debug|Any CPU = Debug|Any CPU
		Release|Any CPU = Release|Any CPU
	EndGlobalSection
	GlobalSection(ProjectConfigurationPlatforms) = postSolution
		{883D453F-7D20-4F1E-82DD-F8C9D57ED5DD}.Debug|Any CPU.ActiveCfg = Debug|Any CPU
		{883D453F-7D20-4F1E-82DD-F8C9D57ED5DD}.Debug|Any CPU.Build.0 = Debug|Any CPU
		{883D453F-7D20-4F1E-82DD-F8C9D57ED5DD}.Release|Any CPU.ActiveCfg = Release|Any CPU
		{883D453F-7D20-4F1E-82DD-F8C9D57ED5DD}.Release|Any CPU.Build.0 = Release|Any CPU
	EndGlobalSection
	GlobalSection(SolutionProperties) = preSolution
		HideSolutionNode = FALSE
	EndGlobalSection
	GlobalSection(ExtensibilityGlobals) = postSolution
		SolutionGuid = {83FE1F4F-65AE-42F1-B8E2-9AF740E7999B}
	EndGlobalSection
EndGlobal
